// !$*UTF8*$!
{
	archiveVersion = 1;
	classes = {
	};
	objectVersion = 46;
	objects = {

/* Begin PBXBuildFile section */
		F51615B61DDBE8310003EC77 /* WaiterListViewController.swift in Sources */ = {isa = PBXBuildFile; fileRef = F51615B51DDBE8310003EC77 /* WaiterListViewController.swift */; };
		F51615BA1DDC05C90003EC77 /* DateHelper.swift in Sources */ = {isa = PBXBuildFile; fileRef = F51615B91DDC05C90003EC77 /* DateHelper.swift */; };
		F51615BC1DDCC2950003EC77 /* WaiterDetailViewController.swift in Sources */ = {isa = PBXBuildFile; fileRef = F51615BB1DDCC2950003EC77 /* WaiterDetailViewController.swift */; };
		F53679931DDEB4780077726A /* UIFont+Extensions.swift in Sources */ = {isa = PBXBuildFile; fileRef = F53679921DDEB4780077726A /* UIFont+Extensions.swift */; };
		F56EF6B61DDE21C300A2A6C9 /* ChooseShiftViewController.swift in Sources */ = {isa = PBXBuildFile; fileRef = F56EF6B51DDE21C300A2A6C9 /* ChooseShiftViewController.swift */; };
		F56F652A1DDBAC9600430BAA /* AppDelegate.swift in Sources */ = {isa = PBXBuildFile; fileRef = F56F65291DDBAC9600430BAA /* AppDelegate.swift */; };
		F56F652F1DDBAC9600430BAA /* Main.storyboard in Resources */ = {isa = PBXBuildFile; fileRef = F56F652D1DDBAC9600430BAA /* Main.storyboard */; };
		F56F65321DDBAC9600430BAA /* ShiftTracker.xcdatamodeld in Sources */ = {isa = PBXBuildFile; fileRef = F56F65301DDBAC9600430BAA /* ShiftTracker.xcdatamodeld */; };
		F56F65341DDBAC9600430BAA /* Assets.xcassets in Resources */ = {isa = PBXBuildFile; fileRef = F56F65331DDBAC9600430BAA /* Assets.xcassets */; };
		F56F65371DDBAC9600430BAA /* LaunchScreen.storyboard in Resources */ = {isa = PBXBuildFile; fileRef = F56F65351DDBAC9600430BAA /* LaunchScreen.storyboard */; };
		F56F654D1DDBAC9600430BAA /* ShiftTrackerUITests.swift in Sources */ = {isa = PBXBuildFile; fileRef = F56F654C1DDBAC9600430BAA /* ShiftTrackerUITests.swift */; };
		F57A7DEF1DDF6DB3007C74C1 /* FadeTransitionAnimator.swift in Sources */ = {isa = PBXBuildFile; fileRef = F57A7DEE1DDF6DB3007C74C1 /* FadeTransitionAnimator.swift */; };
		F57A7DF11DDF78D3007C74C1 /* ToolTipView.swift in Sources */ = {isa = PBXBuildFile; fileRef = F57A7DF01DDF78D3007C74C1 /* ToolTipView.swift */; };
		F57A7DF41DDF78FE007C74C1 /* ToolTipView.xib in Resources */ = {isa = PBXBuildFile; fileRef = F57A7DF31DDF78FE007C74C1 /* ToolTipView.xib */; };
		F57A7DF61DDF7B9C007C74C1 /* UIView+ToolTip.swift in Sources */ = {isa = PBXBuildFile; fileRef = F57A7DF51DDF7B9C007C74C1 /* UIView+ToolTip.swift */; };
		F5C4367F1DDBBBF6006F6DE1 /* DatabaseHandler.swift in Sources */ = {isa = PBXBuildFile; fileRef = F5C4367E1DDBBBF6006F6DE1 /* DatabaseHandler.swift */; };
		F5C4368E1DDBC281006F6DE1 /* Waiter+CoreDataClass.swift in Sources */ = {isa = PBXBuildFile; fileRef = F5C4368A1DDBC281006F6DE1 /* Waiter+CoreDataClass.swift */; };
		F5C4368F1DDBC281006F6DE1 /* Waiter+CoreDataProperties.swift in Sources */ = {isa = PBXBuildFile; fileRef = F5C4368B1DDBC281006F6DE1 /* Waiter+CoreDataProperties.swift */; };
		F5C436901DDBC281006F6DE1 /* Shift+CoreDataClass.swift in Sources */ = {isa = PBXBuildFile; fileRef = F5C4368C1DDBC281006F6DE1 /* Shift+CoreDataClass.swift */; };
		F5C436911DDBC281006F6DE1 /* Shift+CoreDataProperties.swift in Sources */ = {isa = PBXBuildFile; fileRef = F5C4368D1DDBC281006F6DE1 /* Shift+CoreDataProperties.swift */; };
		F5F11C331DDFA5BA00BDDDB4 /* DataHelperTests.swift in Sources */ = {isa = PBXBuildFile; fileRef = F5F11C321DDFA5BA00BDDDB4 /* DataHelperTests.swift */; };
		F5F11C351DDFB15C00BDDDB4 /* WaiterTests.swift in Sources */ = {isa = PBXBuildFile; fileRef = F5F11C341DDFB15C00BDDDB4 /* WaiterTests.swift */; };
		F5F11C391DDFCCA700BDDDB4 /* StyleManager.swift in Sources */ = {isa = PBXBuildFile; fileRef = F5F11C381DDFCCA700BDDDB4 /* StyleManager.swift */; };
/* End PBXBuildFile section */

/* Begin PBXContainerItemProxy section */
		F56F653E1DDBAC9600430BAA /* PBXContainerItemProxy */ = {
			isa = PBXContainerItemProxy;
			containerPortal = F56F651E1DDBAC9600430BAA /* Project object */;
			proxyType = 1;
			remoteGlobalIDString = F56F65251DDBAC9600430BAA;
			remoteInfo = ShiftTracker;
		};
		F56F65491DDBAC9600430BAA /* PBXContainerItemProxy */ = {
			isa = PBXContainerItemProxy;
			containerPortal = F56F651E1DDBAC9600430BAA /* Project object */;
			proxyType = 1;
			remoteGlobalIDString = F56F65251DDBAC9600430BAA;
			remoteInfo = ShiftTracker;
		};
/* End PBXContainerItemProxy section */

/* Begin PBXFileReference section */
		F51615B51DDBE8310003EC77 /* WaiterListViewController.swift */ = {isa = PBXFileReference; fileEncoding = 4; lastKnownFileType = sourcecode.swift; lineEnding = 0; path = WaiterListViewController.swift; sourceTree = "<group>"; xcLanguageSpecificationIdentifier = xcode.lang.swift; };
		F51615B91DDC05C90003EC77 /* DateHelper.swift */ = {isa = PBXFileReference; fileEncoding = 4; lastKnownFileType = sourcecode.swift; lineEnding = 0; path = DateHelper.swift; sourceTree = "<group>"; xcLanguageSpecificationIdentifier = xcode.lang.swift; };
		F51615BB1DDCC2950003EC77 /* WaiterDetailViewController.swift */ = {isa = PBXFileReference; fileEncoding = 4; lastKnownFileType = sourcecode.swift; lineEnding = 0; path = WaiterDetailViewController.swift; sourceTree = "<group>"; xcLanguageSpecificationIdentifier = xcode.lang.swift; };
		F53679921DDEB4780077726A /* UIFont+Extensions.swift */ = {isa = PBXFileReference; fileEncoding = 4; lastKnownFileType = sourcecode.swift; lineEnding = 0; path = "UIFont+Extensions.swift"; sourceTree = "<group>"; xcLanguageSpecificationIdentifier = xcode.lang.swift; };
		F56EF6B51DDE21C300A2A6C9 /* ChooseShiftViewController.swift */ = {isa = PBXFileReference; fileEncoding = 4; lastKnownFileType = sourcecode.swift; lineEnding = 0; path = ChooseShiftViewController.swift; sourceTree = "<group>"; xcLanguageSpecificationIdentifier = xcode.lang.swift; };
		F56F65261DDBAC9600430BAA /* ShiftTracker.app */ = {isa = PBXFileReference; explicitFileType = wrapper.application; includeInIndex = 0; path = ShiftTracker.app; sourceTree = BUILT_PRODUCTS_DIR; };
		F56F65291DDBAC9600430BAA /* AppDelegate.swift */ = {isa = PBXFileReference; lastKnownFileType = sourcecode.swift; lineEnding = 0; path = AppDelegate.swift; sourceTree = "<group>"; xcLanguageSpecificationIdentifier = xcode.lang.swift; };
		F56F652E1DDBAC9600430BAA /* Base */ = {isa = PBXFileReference; lastKnownFileType = file.storyboard; name = Base; path = Base.lproj/Main.storyboard; sourceTree = "<group>"; };
		F56F65311DDBAC9600430BAA /* ShiftTracker.xcdatamodel */ = {isa = PBXFileReference; lastKnownFileType = wrapper.xcdatamodel; path = ShiftTracker.xcdatamodel; sourceTree = "<group>"; };
		F56F65331DDBAC9600430BAA /* Assets.xcassets */ = {isa = PBXFileReference; lastKnownFileType = folder.assetcatalog; path = Assets.xcassets; sourceTree = "<group>"; };
		F56F65361DDBAC9600430BAA /* Base */ = {isa = PBXFileReference; lastKnownFileType = file.storyboard; name = Base; path = Base.lproj/LaunchScreen.storyboard; sourceTree = "<group>"; };
		F56F65381DDBAC9600430BAA /* Info.plist */ = {isa = PBXFileReference; lastKnownFileType = text.plist.xml; path = Info.plist; sourceTree = "<group>"; };
		F56F653D1DDBAC9600430BAA /* ShiftTrackerTests.xctest */ = {isa = PBXFileReference; explicitFileType = wrapper.cfbundle; includeInIndex = 0; path = ShiftTrackerTests.xctest; sourceTree = BUILT_PRODUCTS_DIR; };
		F56F65431DDBAC9600430BAA /* Info.plist */ = {isa = PBXFileReference; lastKnownFileType = text.plist.xml; path = Info.plist; sourceTree = "<group>"; };
		F56F65481DDBAC9600430BAA /* ShiftTrackerUITests.xctest */ = {isa = PBXFileReference; explicitFileType = wrapper.cfbundle; includeInIndex = 0; path = ShiftTrackerUITests.xctest; sourceTree = BUILT_PRODUCTS_DIR; };
		F56F654C1DDBAC9600430BAA /* ShiftTrackerUITests.swift */ = {isa = PBXFileReference; lastKnownFileType = sourcecode.swift; lineEnding = 0; path = ShiftTrackerUITests.swift; sourceTree = "<group>"; xcLanguageSpecificationIdentifier = xcode.lang.swift; };
		F56F654E1DDBAC9600430BAA /* Info.plist */ = {isa = PBXFileReference; lastKnownFileType = text.plist.xml; path = Info.plist; sourceTree = "<group>"; };
		F57A7DEE1DDF6DB3007C74C1 /* FadeTransitionAnimator.swift */ = {isa = PBXFileReference; fileEncoding = 4; lastKnownFileType = sourcecode.swift; lineEnding = 0; path = FadeTransitionAnimator.swift; sourceTree = "<group>"; xcLanguageSpecificationIdentifier = xcode.lang.swift; };
		F57A7DF01DDF78D3007C74C1 /* ToolTipView.swift */ = {isa = PBXFileReference; fileEncoding = 4; lastKnownFileType = sourcecode.swift; lineEnding = 0; path = ToolTipView.swift; sourceTree = "<group>"; xcLanguageSpecificationIdentifier = xcode.lang.swift; };
		F57A7DF31DDF78FE007C74C1 /* ToolTipView.xib */ = {isa = PBXFileReference; fileEncoding = 4; lastKnownFileType = file.xib; path = ToolTipView.xib; sourceTree = "<group>"; };
		F57A7DF51DDF7B9C007C74C1 /* UIView+ToolTip.swift */ = {isa = PBXFileReference; fileEncoding = 4; lastKnownFileType = sourcecode.swift; lineEnding = 0; path = "UIView+ToolTip.swift"; sourceTree = "<group>"; xcLanguageSpecificationIdentifier = xcode.lang.swift; };
		F5C4367E1DDBBBF6006F6DE1 /* DatabaseHandler.swift */ = {isa = PBXFileReference; fileEncoding = 4; lastKnownFileType = sourcecode.swift; lineEnding = 0; path = DatabaseHandler.swift; sourceTree = "<group>"; xcLanguageSpecificationIdentifier = xcode.lang.swift; };
		F5C4368A1DDBC281006F6DE1 /* Waiter+CoreDataClass.swift */ = {isa = PBXFileReference; fileEncoding = 4; lastKnownFileType = sourcecode.swift; lineEnding = 0; name = "Waiter+CoreDataClass.swift"; path = "ShiftTracker/Waiter+CoreDataClass.swift"; sourceTree = "<group>"; xcLanguageSpecificationIdentifier = xcode.lang.swift; };
		F5C4368B1DDBC281006F6DE1 /* Waiter+CoreDataProperties.swift */ = {isa = PBXFileReference; fileEncoding = 4; lastKnownFileType = sourcecode.swift; lineEnding = 0; name = "Waiter+CoreDataProperties.swift"; path = "ShiftTracker/Waiter+CoreDataProperties.swift"; sourceTree = "<group>"; xcLanguageSpecificationIdentifier = xcode.lang.swift; };
		F5C4368C1DDBC281006F6DE1 /* Shift+CoreDataClass.swift */ = {isa = PBXFileReference; fileEncoding = 4; lastKnownFileType = sourcecode.swift; lineEnding = 0; name = "Shift+CoreDataClass.swift"; path = "ShiftTracker/Shift+CoreDataClass.swift"; sourceTree = "<group>"; xcLanguageSpecificationIdentifier = xcode.lang.swift; };
		F5C4368D1DDBC281006F6DE1 /* Shift+CoreDataProperties.swift */ = {isa = PBXFileReference; fileEncoding = 4; lastKnownFileType = sourcecode.swift; lineEnding = 0; name = "Shift+CoreDataProperties.swift"; path = "ShiftTracker/Shift+CoreDataProperties.swift"; sourceTree = "<group>"; xcLanguageSpecificationIdentifier = xcode.lang.swift; };
		F5F11C321DDFA5BA00BDDDB4 /* DataHelperTests.swift */ = {isa = PBXFileReference; fileEncoding = 4; lastKnownFileType = sourcecode.swift; lineEnding = 0; path = DataHelperTests.swift; sourceTree = "<group>"; xcLanguageSpecificationIdentifier = xcode.lang.swift; };
		F5F11C341DDFB15C00BDDDB4 /* WaiterTests.swift */ = {isa = PBXFileReference; fileEncoding = 4; lastKnownFileType = sourcecode.swift; lineEnding = 0; path = WaiterTests.swift; sourceTree = "<group>"; xcLanguageSpecificationIdentifier = xcode.lang.swift; };
		F5F11C381DDFCCA700BDDDB4 /* StyleManager.swift */ = {isa = PBXFileReference; fileEncoding = 4; lastKnownFileType = sourcecode.swift; lineEnding = 0; path = StyleManager.swift; sourceTree = "<group>"; xcLanguageSpecificationIdentifier = xcode.lang.swift; };
/* End PBXFileReference section */

/* Begin PBXFrameworksBuildPhase section */
		F56F65231DDBAC9600430BAA /* Frameworks */ = {
			isa = PBXFrameworksBuildPhase;
			buildActionMask = 2147483647;
			files = (
			);
			runOnlyForDeploymentPostprocessing = 0;
		};
		F56F653A1DDBAC9600430BAA /* Frameworks */ = {
			isa = PBXFrameworksBuildPhase;
			buildActionMask = 2147483647;
			files = (
			);
			runOnlyForDeploymentPostprocessing = 0;
		};
		F56F65451DDBAC9600430BAA /* Frameworks */ = {
			isa = PBXFrameworksBuildPhase;
			buildActionMask = 2147483647;
			files = (
			);
			runOnlyForDeploymentPostprocessing = 0;
		};
/* End PBXFrameworksBuildPhase section */

/* Begin PBXGroup section */
		F51615B71DDBE9CA0003EC77 /* Interface */ = {
			isa = PBXGroup;
			children = (
				F57A7DEE1DDF6DB3007C74C1 /* FadeTransitionAnimator.swift */,
				F57A7DF21DDF78DB007C74C1 /* ToolTip */,
				F57A7DED1DDF67F4007C74C1 /* Extensions */,
				F56F65351DDBAC9600430BAA /* LaunchScreen.storyboard */,
				F56F652D1DDBAC9600430BAA /* Main.storyboard */,
				F51615B51DDBE8310003EC77 /* WaiterListViewController.swift */,
				F51615BB1DDCC2950003EC77 /* WaiterDetailViewController.swift */,
				F56EF6B51DDE21C300A2A6C9 /* ChooseShiftViewController.swift */,
				F5F11C381DDFCCA700BDDDB4 /* StyleManager.swift */,
			);
			name = Interface;
			sourceTree = "<group>";
		};
		F51615B81DDC05B40003EC77 /* Utils */ = {
			isa = PBXGroup;
			children = (
				F51615B91DDC05C90003EC77 /* DateHelper.swift */,
			);
			name = Utils;
			sourceTree = "<group>";
		};
		F56F651D1DDBAC9600430BAA = {
			isa = PBXGroup;
			children = (
				F56F65281DDBAC9600430BAA /* ShiftTracker */,
				F56F65401DDBAC9600430BAA /* ShiftTrackerTests */,
				F56F654B1DDBAC9600430BAA /* ShiftTrackerUITests */,
				F56F65271DDBAC9600430BAA /* Products */,
			);
			sourceTree = "<group>";
		};
		F56F65271DDBAC9600430BAA /* Products */ = {
			isa = PBXGroup;
			children = (
				F56F65261DDBAC9600430BAA /* ShiftTracker.app */,
				F56F653D1DDBAC9600430BAA /* ShiftTrackerTests.xctest */,
				F56F65481DDBAC9600430BAA /* ShiftTrackerUITests.xctest */,
			);
			name = Products;
			sourceTree = "<group>";
		};
		F56F65281DDBAC9600430BAA /* ShiftTracker */ = {
			isa = PBXGroup;
			children = (
				F51615B81DDC05B40003EC77 /* Utils */,
				F51615B71DDBE9CA0003EC77 /* Interface */,
				F5C436891DDBC10E006F6DE1 /* Database */,
				F5C436881DDBC0BF006F6DE1 /* Models */,
				F56F65291DDBAC9600430BAA /* AppDelegate.swift */,
				F56F65331DDBAC9600430BAA /* Assets.xcassets */,
				F56F65381DDBAC9600430BAA /* Info.plist */,
			);
			path = ShiftTracker;
			sourceTree = "<group>";
		};
		F56F65401DDBAC9600430BAA /* ShiftTrackerTests */ = {
			isa = PBXGroup;
			children = (
				F56F65431DDBAC9600430BAA /* Info.plist */,
				F5F11C321DDFA5BA00BDDDB4 /* DataHelperTests.swift */,
				F5F11C341DDFB15C00BDDDB4 /* WaiterTests.swift */,
			);
			path = ShiftTrackerTests;
			sourceTree = "<group>";
		};
		F56F654B1DDBAC9600430BAA /* ShiftTrackerUITests */ = {
			isa = PBXGroup;
			children = (
				F56F654C1DDBAC9600430BAA /* ShiftTrackerUITests.swift */,
				F56F654E1DDBAC9600430BAA /* Info.plist */,
			);
			path = ShiftTrackerUITests;
			sourceTree = "<group>";
		};
		F57A7DED1DDF67F4007C74C1 /* Extensions */ = {
			isa = PBXGroup;
			children = (
				F53679921DDEB4780077726A /* UIFont+Extensions.swift */,
				F57A7DF51DDF7B9C007C74C1 /* UIView+ToolTip.swift */,
			);
			name = Extensions;
			sourceTree = "<group>";
		};
		F57A7DF21DDF78DB007C74C1 /* ToolTip */ = {
			isa = PBXGroup;
			children = (
				F57A7DF31DDF78FE007C74C1 /* ToolTipView.xib */,
				F57A7DF01DDF78D3007C74C1 /* ToolTipView.swift */,
			);
			name = ToolTip;
			sourceTree = "<group>";
		};
		F5C436881DDBC0BF006F6DE1 /* Models */ = {
			isa = PBXGroup;
			children = (
				F5C4368A1DDBC281006F6DE1 /* Waiter+CoreDataClass.swift */,
				F5C4368B1DDBC281006F6DE1 /* Waiter+CoreDataProperties.swift */,
				F5C4368C1DDBC281006F6DE1 /* Shift+CoreDataClass.swift */,
				F5C4368D1DDBC281006F6DE1 /* Shift+CoreDataProperties.swift */,
			);
			name = Models;
			path = ..;
			sourceTree = "<group>";
		};
		F5C436891DDBC10E006F6DE1 /* Database */ = {
			isa = PBXGroup;
			children = (
				F56F65301DDBAC9600430BAA /* ShiftTracker.xcdatamodeld */,
				F5C4367E1DDBBBF6006F6DE1 /* DatabaseHandler.swift */,
			);
			name = Database;
			sourceTree = "<group>";
		};
/* End PBXGroup section */

/* Begin PBXNativeTarget section */
		F56F65251DDBAC9600430BAA /* ShiftTracker */ = {
			isa = PBXNativeTarget;
			buildConfigurationList = F56F65511DDBAC9600430BAA /* Build configuration list for PBXNativeTarget "ShiftTracker" */;
			buildPhases = (
				F56F65221DDBAC9600430BAA /* Sources */,
				F56F65231DDBAC9600430BAA /* Frameworks */,
				F56F65241DDBAC9600430BAA /* Resources */,
			);
			buildRules = (
			);
			dependencies = (
			);
			name = ShiftTracker;
			productName = ShiftTracker;
			productReference = F56F65261DDBAC9600430BAA /* ShiftTracker.app */;
			productType = "com.apple.product-type.application";
		};
		F56F653C1DDBAC9600430BAA /* ShiftTrackerTests */ = {
			isa = PBXNativeTarget;
			buildConfigurationList = F56F65541DDBAC9600430BAA /* Build configuration list for PBXNativeTarget "ShiftTrackerTests" */;
			buildPhases = (
				F56F65391DDBAC9600430BAA /* Sources */,
				F56F653A1DDBAC9600430BAA /* Frameworks */,
				F56F653B1DDBAC9600430BAA /* Resources */,
			);
			buildRules = (
			);
			dependencies = (
				F56F653F1DDBAC9600430BAA /* PBXTargetDependency */,
			);
			name = ShiftTrackerTests;
			productName = ShiftTrackerTests;
			productReference = F56F653D1DDBAC9600430BAA /* ShiftTrackerTests.xctest */;
			productType = "com.apple.product-type.bundle.unit-test";
		};
		F56F65471DDBAC9600430BAA /* ShiftTrackerUITests */ = {
			isa = PBXNativeTarget;
			buildConfigurationList = F56F65571DDBAC9600430BAA /* Build configuration list for PBXNativeTarget "ShiftTrackerUITests" */;
			buildPhases = (
				F56F65441DDBAC9600430BAA /* Sources */,
				F56F65451DDBAC9600430BAA /* Frameworks */,
				F56F65461DDBAC9600430BAA /* Resources */,
			);
			buildRules = (
			);
			dependencies = (
				F56F654A1DDBAC9600430BAA /* PBXTargetDependency */,
			);
			name = ShiftTrackerUITests;
			productName = ShiftTrackerUITests;
			productReference = F56F65481DDBAC9600430BAA /* ShiftTrackerUITests.xctest */;
			productType = "com.apple.product-type.bundle.ui-testing";
		};
/* End PBXNativeTarget section */

/* Begin PBXProject section */
		F56F651E1DDBAC9600430BAA /* Project object */ = {
			isa = PBXProject;
			attributes = {
				LastSwiftUpdateCheck = 0810;
				LastUpgradeCheck = 0810;
				ORGANIZATIONNAME = Sid;
				TargetAttributes = {
					F56F65251DDBAC9600430BAA = {
						CreatedOnToolsVersion = 8.1;
						DevelopmentTeam = 5E8542M445;
						ProvisioningStyle = Automatic;
					};
					F56F653C1DDBAC9600430BAA = {
						CreatedOnToolsVersion = 8.1;
						DevelopmentTeam = 5E8542M445;
						ProvisioningStyle = Automatic;
						TestTargetID = F56F65251DDBAC9600430BAA;
					};
					F56F65471DDBAC9600430BAA = {
						CreatedOnToolsVersion = 8.1;
						DevelopmentTeam = 5E8542M445;
						ProvisioningStyle = Automatic;
						TestTargetID = F56F65251DDBAC9600430BAA;
					};
				};
			};
			buildConfigurationList = F56F65211DDBAC9600430BAA /* Build configuration list for PBXProject "ShiftTracker" */;
			compatibilityVersion = "Xcode 3.2";
			developmentRegion = English;
			hasScannedForEncodings = 0;
			knownRegions = (
				en,
				Base,
			);
			mainGroup = F56F651D1DDBAC9600430BAA;
			productRefGroup = F56F65271DDBAC9600430BAA /* Products */;
			projectDirPath = "";
			projectRoot = "";
			targets = (
				F56F65251DDBAC9600430BAA /* ShiftTracker */,
				F56F653C1DDBAC9600430BAA /* ShiftTrackerTests */,
				F56F65471DDBAC9600430BAA /* ShiftTrackerUITests */,
			);
		};
/* End PBXProject section */

/* Begin PBXResourcesBuildPhase section */
		F56F65241DDBAC9600430BAA /* Resources */ = {
			isa = PBXResourcesBuildPhase;
			buildActionMask = 2147483647;
			files = (
				F56F65371DDBAC9600430BAA /* LaunchScreen.storyboard in Resources */,
				F56F65341DDBAC9600430BAA /* Assets.xcassets in Resources */,
				F57A7DF41DDF78FE007C74C1 /* ToolTipView.xib in Resources */,
				F56F652F1DDBAC9600430BAA /* Main.storyboard in Resources */,
			);
			runOnlyForDeploymentPostprocessing = 0;
		};
		F56F653B1DDBAC9600430BAA /* Resources */ = {
			isa = PBXResourcesBuildPhase;
			buildActionMask = 2147483647;
			files = (
			);
			runOnlyForDeploymentPostprocessing = 0;
		};
		F56F65461DDBAC9600430BAA /* Resources */ = {
			isa = PBXResourcesBuildPhase;
			buildActionMask = 2147483647;
			files = (
			);
			runOnlyForDeploymentPostprocessing = 0;
		};
/* End PBXResourcesBuildPhase section */

/* Begin PBXSourcesBuildPhase section */
		F56F65221DDBAC9600430BAA /* Sources */ = {
			isa = PBXSourcesBuildPhase;
			buildActionMask = 2147483647;
			files = (
				F51615BC1DDCC2950003EC77 /* WaiterDetailViewController.swift in Sources */,
				F51615B61DDBE8310003EC77 /* WaiterListViewController.swift in Sources */,
				F5C4368E1DDBC281006F6DE1 /* Waiter+CoreDataClass.swift in Sources */,
				F5C436911DDBC281006F6DE1 /* Shift+CoreDataProperties.swift in Sources */,
				F57A7DF61DDF7B9C007C74C1 /* UIView+ToolTip.swift in Sources */,
				F56F65321DDBAC9600430BAA /* ShiftTracker.xcdatamodeld in Sources */,
				F57A7DEF1DDF6DB3007C74C1 /* FadeTransitionAnimator.swift in Sources */,
				F51615BA1DDC05C90003EC77 /* DateHelper.swift in Sources */,
				F56F652A1DDBAC9600430BAA /* AppDelegate.swift in Sources */,
				F5F11C391DDFCCA700BDDDB4 /* StyleManager.swift in Sources */,
				F56EF6B61DDE21C300A2A6C9 /* ChooseShiftViewController.swift in Sources */,
				F5C4367F1DDBBBF6006F6DE1 /* DatabaseHandler.swift in Sources */,
				F57A7DF11DDF78D3007C74C1 /* ToolTipView.swift in Sources */,
				F5C436901DDBC281006F6DE1 /* Shift+CoreDataClass.swift in Sources */,
				F53679931DDEB4780077726A /* UIFont+Extensions.swift in Sources */,
				F5C4368F1DDBC281006F6DE1 /* Waiter+CoreDataProperties.swift in Sources */,
			);
			runOnlyForDeploymentPostprocessing = 0;
		};
		F56F65391DDBAC9600430BAA /* Sources */ = {
			isa = PBXSourcesBuildPhase;
			buildActionMask = 2147483647;
			files = (
				F5F11C351DDFB15C00BDDDB4 /* WaiterTests.swift in Sources */,
				F5F11C331DDFA5BA00BDDDB4 /* DataHelperTests.swift in Sources */,
			);
			runOnlyForDeploymentPostprocessing = 0;
		};
		F56F65441DDBAC9600430BAA /* Sources */ = {
			isa = PBXSourcesBuildPhase;
			buildActionMask = 2147483647;
			files = (
				F56F654D1DDBAC9600430BAA /* ShiftTrackerUITests.swift in Sources */,
			);
			runOnlyForDeploymentPostprocessing = 0;
		};
/* End PBXSourcesBuildPhase section */

/* Begin PBXTargetDependency section */
		F56F653F1DDBAC9600430BAA /* PBXTargetDependency */ = {
			isa = PBXTargetDependency;
			target = F56F65251DDBAC9600430BAA /* ShiftTracker */;
			targetProxy = F56F653E1DDBAC9600430BAA /* PBXContainerItemProxy */;
		};
		F56F654A1DDBAC9600430BAA /* PBXTargetDependency */ = {
			isa = PBXTargetDependency;
			target = F56F65251DDBAC9600430BAA /* ShiftTracker */;
			targetProxy = F56F65491DDBAC9600430BAA /* PBXContainerItemProxy */;
		};
/* End PBXTargetDependency section */

/* Begin PBXVariantGroup section */
		F56F652D1DDBAC9600430BAA /* Main.storyboard */ = {
			isa = PBXVariantGroup;
			children = (
				F56F652E1DDBAC9600430BAA /* Base */,
			);
			name = Main.storyboard;
			sourceTree = "<group>";
		};
		F56F65351DDBAC9600430BAA /* LaunchScreen.storyboard */ = {
			isa = PBXVariantGroup;
			children = (
				F56F65361DDBAC9600430BAA /* Base */,
			);
			name = LaunchScreen.storyboard;
			sourceTree = "<group>";
		};
/* End PBXVariantGroup section */

/* Begin XCBuildConfiguration section */
		F56F654F1DDBAC9600430BAA /* Debug */ = {
			isa = XCBuildConfiguration;
			buildSettings = {
				ALWAYS_SEARCH_USER_PATHS = NO;
				CLANG_ANALYZER_NONNULL = YES;
				CLANG_CXX_LANGUAGE_STANDARD = "gnu++0x";
				CLANG_CXX_LIBRARY = "libc++";
				CLANG_ENABLE_MODULES = YES;
				CLANG_ENABLE_OBJC_ARC = YES;
				CLANG_WARN_BOOL_CONVERSION = YES;
				CLANG_WARN_CONSTANT_CONVERSION = YES;
				CLANG_WARN_DIRECT_OBJC_ISA_USAGE = YES_ERROR;
				CLANG_WARN_DOCUMENTATION_COMMENTS = YES;
				CLANG_WARN_EMPTY_BODY = YES;
				CLANG_WARN_ENUM_CONVERSION = YES;
				CLANG_WARN_INFINITE_RECURSION = YES;
				CLANG_WARN_INT_CONVERSION = YES;
				CLANG_WARN_OBJC_ROOT_CLASS = YES_ERROR;
				CLANG_WARN_SUSPICIOUS_MOVES = YES;
				CLANG_WARN_UNREACHABLE_CODE = YES;
				CLANG_WARN__DUPLICATE_METHOD_MATCH = YES;
				"CODE_SIGN_IDENTITY[sdk=iphoneos*]" = "iPhone Developer";
				COPY_PHASE_STRIP = NO;
				DEBUG_INFORMATION_FORMAT = dwarf;
				ENABLE_STRICT_OBJC_MSGSEND = YES;
				ENABLE_TESTABILITY = YES;
				GCC_C_LANGUAGE_STANDARD = gnu99;
				GCC_DYNAMIC_NO_PIC = NO;
				GCC_NO_COMMON_BLOCKS = YES;
				GCC_OPTIMIZATION_LEVEL = 0;
				GCC_PREPROCESSOR_DEFINITIONS = (
					"DEBUG=1",
					"$(inherited)",
				);
				GCC_WARN_64_TO_32_BIT_CONVERSION = YES;
				GCC_WARN_ABOUT_RETURN_TYPE = YES_ERROR;
				GCC_WARN_UNDECLARED_SELECTOR = YES;
				GCC_WARN_UNINITIALIZED_AUTOS = YES_AGGRESSIVE;
				GCC_WARN_UNUSED_FUNCTION = YES;
				GCC_WARN_UNUSED_VARIABLE = YES;
				IPHONEOS_DEPLOYMENT_TARGET = 10.1;
				MTL_ENABLE_DEBUG_INFO = YES;
				ONLY_ACTIVE_ARCH = YES;
				SDKROOT = iphoneos;
				SWIFT_ACTIVE_COMPILATION_CONDITIONS = DEBUG;
				SWIFT_OPTIMIZATION_LEVEL = "-Onone";
				TARGETED_DEVICE_FAMILY = "1,2";
			};
			name = Debug;
		};
		F56F65501DDBAC9600430BAA /* Release */ = {
			isa = XCBuildConfiguration;
			buildSettings = {
				ALWAYS_SEARCH_USER_PATHS = NO;
				CLANG_ANALYZER_NONNULL = YES;
				CLANG_CXX_LANGUAGE_STANDARD = "gnu++0x";
				CLANG_CXX_LIBRARY = "libc++";
				CLANG_ENABLE_MODULES = YES;
				CLANG_ENABLE_OBJC_ARC = YES;
				CLANG_WARN_BOOL_CONVERSION = YES;
				CLANG_WARN_CONSTANT_CONVERSION = YES;
				CLANG_WARN_DIRECT_OBJC_ISA_USAGE = YES_ERROR;
				CLANG_WARN_DOCUMENTATION_COMMENTS = YES;
				CLANG_WARN_EMPTY_BODY = YES;
				CLANG_WARN_ENUM_CONVERSION = YES;
				CLANG_WARN_INFINITE_RECURSION = YES;
				CLANG_WARN_INT_CONVERSION = YES;
				CLANG_WARN_OBJC_ROOT_CLASS = YES_ERROR;
				CLANG_WARN_SUSPICIOUS_MOVES = YES;
				CLANG_WARN_UNREACHABLE_CODE = YES;
				CLANG_WARN__DUPLICATE_METHOD_MATCH = YES;
				"CODE_SIGN_IDENTITY[sdk=iphoneos*]" = "iPhone Developer";
				COPY_PHASE_STRIP = NO;
				DEBUG_INFORMATION_FORMAT = "dwarf-with-dsym";
				ENABLE_NS_ASSERTIONS = NO;
				ENABLE_STRICT_OBJC_MSGSEND = YES;
				GCC_C_LANGUAGE_STANDARD = gnu99;
				GCC_NO_COMMON_BLOCKS = YES;
				GCC_WARN_64_TO_32_BIT_CONVERSION = YES;
				GCC_WARN_ABOUT_RETURN_TYPE = YES_ERROR;
				GCC_WARN_UNDECLARED_SELECTOR = YES;
				GCC_WARN_UNINITIALIZED_AUTOS = YES_AGGRESSIVE;
				GCC_WARN_UNUSED_FUNCTION = YES;
				GCC_WARN_UNUSED_VARIABLE = YES;
				IPHONEOS_DEPLOYMENT_TARGET = 10.1;
				MTL_ENABLE_DEBUG_INFO = NO;
				SDKROOT = iphoneos;
				SWIFT_OPTIMIZATION_LEVEL = "-Owholemodule";
				TARGETED_DEVICE_FAMILY = "1,2";
				VALIDATE_PRODUCT = YES;
			};
			name = Release;
		};
		F56F65521DDBAC9600430BAA /* Debug */ = {
			isa = XCBuildConfiguration;
			buildSettings = {
				ASSETCATALOG_COMPILER_APPICON_NAME = AppIcon;
				DEVELOPMENT_TEAM = 5E8542M445;
				INFOPLIST_FILE = ShiftTracker/Info.plist;
				LD_RUNPATH_SEARCH_PATHS = "$(inherited) @executable_path/Frameworks";
				PRODUCT_BUNDLE_IDENTIFIER = com.kalra.sid.ShiftTracker;
				PRODUCT_NAME = "$(TARGET_NAME)";
				SWIFT_VERSION = 3.0;
			};
			name = Debug;
		};
		F56F65531DDBAC9600430BAA /* Release */ = {
			isa = XCBuildConfiguration;
			buildSettings = {
				ASSETCATALOG_COMPILER_APPICON_NAME = AppIcon;
				DEVELOPMENT_TEAM = 5E8542M445;
				INFOPLIST_FILE = ShiftTracker/Info.plist;
				LD_RUNPATH_SEARCH_PATHS = "$(inherited) @executable_path/Frameworks";
				PRODUCT_BUNDLE_IDENTIFIER = com.kalra.sid.ShiftTracker;
				PRODUCT_NAME = "$(TARGET_NAME)";
				SWIFT_VERSION = 3.0;
			};
			name = Release;
		};
		F56F65551DDBAC9600430BAA /* Debug */ = {
			isa = XCBuildConfiguration;
			buildSettings = {
				ALWAYS_EMBED_SWIFT_STANDARD_LIBRARIES = YES;
				BUNDLE_LOADER = "$(TEST_HOST)";
				DEVELOPMENT_TEAM = 5E8542M445;
				INFOPLIST_FILE = ShiftTrackerTests/Info.plist;
				LD_RUNPATH_SEARCH_PATHS = "$(inherited) @executable_path/Frameworks @loader_path/Frameworks";
				PRODUCT_BUNDLE_IDENTIFIER = com.kalra.sid.ShiftTrackerTests;
				PRODUCT_NAME = "$(TARGET_NAME)";
				SWIFT_VERSION = 3.0;
				TEST_HOST = "$(BUILT_PRODUCTS_DIR)/ShiftTracker.app/ShiftTracker";
			};
			name = Debug;
		};
		F56F65561DDBAC9600430BAA /* Release */ = {
			isa = XCBuildConfiguration;
			buildSettings = {
				ALWAYS_EMBED_SWIFT_STANDARD_LIBRARIES = YES;
				BUNDLE_LOADER = "$(TEST_HOST)";
				DEVELOPMENT_TEAM = 5E8542M445;
				INFOPLIST_FILE = ShiftTrackerTests/Info.plist;
				LD_RUNPATH_SEARCH_PATHS = "$(inherited) @executable_path/Frameworks @loader_path/Frameworks";
				PRODUCT_BUNDLE_IDENTIFIER = com.kalra.sid.ShiftTrackerTests;
				PRODUCT_NAME = "$(TARGET_NAME)";
				SWIFT_VERSION = 3.0;
				TEST_HOST = "$(BUILT_PRODUCTS_DIR)/ShiftTracker.app/ShiftTracker";
			};
			name = Release;
		};
		F56F65581DDBAC9600430BAA /* Debug */ = {
			isa = XCBuildConfiguration;
			buildSettings = {
				ALWAYS_EMBED_SWIFT_STANDARD_LIBRARIES = YES;
				DEVELOPMENT_TEAM = 5E8542M445;
				INFOPLIST_FILE = ShiftTrackerUITests/Info.plist;
				LD_RUNPATH_SEARCH_PATHS = "$(inherited) @executable_path/Frameworks @loader_path/Frameworks";
				PRODUCT_BUNDLE_IDENTIFIER = com.kalra.sid.ShiftTrackerUITests;
				PRODUCT_NAME = "$(TARGET_NAME)";
				SWIFT_VERSION = 3.0;
				TEST_TARGET_NAME = ShiftTracker;
			};
			name = Debug;
		};
		F56F65591DDBAC9600430BAA /* Release */ = {
			isa = XCBuildConfiguration;
			buildSettings = {
				ALWAYS_EMBED_SWIFT_STANDARD_LIBRARIES = YES;
				DEVELOPMENT_TEAM = 5E8542M445;
				INFOPLIST_FILE = ShiftTrackerUITests/Info.plist;
				LD_RUNPATH_SEARCH_PATHS = "$(inherited) @executable_path/Frameworks @loader_path/Frameworks";
				PRODUCT_BUNDLE_IDENTIFIER = com.kalra.sid.ShiftTrackerUITests;
				PRODUCT_NAME = "$(TARGET_NAME)";
				SWIFT_VERSION = 3.0;
				TEST_TARGET_NAME = ShiftTracker;
			};
			name = Release;
		};
/* End XCBuildConfiguration section */

/* Begin XCConfigurationList section */
		F56F65211DDBAC9600430BAA /* Build configuration list for PBXProject "ShiftTracker" */ = {
			isa = XCConfigurationList;
			buildConfigurations = (
				F56F654F1DDBAC9600430BAA /* Debug */,
				F56F65501DDBAC9600430BAA /* Release */,
			);
			defaultConfigurationIsVisible = 0;
			defaultConfigurationName = Release;
		};
		F56F65511DDBAC9600430BAA /* Build configuration list for PBXNativeTarget "ShiftTracker" */ = {
			isa = XCConfigurationList;
			buildConfigurations = (
				F56F65521DDBAC9600430BAA /* Debug */,
				F56F65531DDBAC9600430BAA /* Release */,
			);
			defaultConfigurationIsVisible = 0;
			defaultConfigurationName = Release;
		};
		F56F65541DDBAC9600430BAA /* Build configuration list for PBXNativeTarget "ShiftTrackerTests" */ = {
			isa = XCConfigurationList;
			buildConfigurations = (
				F56F65551DDBAC9600430BAA /* Debug */,
				F56F65561DDBAC9600430BAA /* Release */,
			);
			defaultConfigurationIsVisible = 0;
			defaultConfigurationName = Release;
		};
		F56F65571DDBAC9600430BAA /* Build configuration list for PBXNativeTarget "ShiftTrackerUITests" */ = {
			isa = XCConfigurationList;
			buildConfigurations = (
				F56F65581DDBAC9600430BAA /* Debug */,
				F56F65591DDBAC9600430BAA /* Release */,
			);
			defaultConfigurationIsVisible = 0;
			defaultConfigurationName = Release;
		};
/* End XCConfigurationList section */

/* Begin XCVersionGroup section */
		F56F65301DDBAC9600430BAA /* ShiftTracker.xcdatamodeld */ = {
			isa = XCVersionGroup;
			children = (
				F56F65311DDBAC9600430BAA /* ShiftTracker.xcdatamodel */,
			);
			currentVersion = F56F65311DDBAC9600430BAA /* ShiftTracker.xcdatamodel */;
			path = ShiftTracker.xcdatamodeld;
			sourceTree = "<group>";
			versionGroupType = wrapper.xcdatamodel;
		};
/* End XCVersionGroup section */
	};
	rootObject = F56F651E1DDBAC9600430BAA /* Project object */;
}
